
Microsoft Visual Studio Solution File, Format Version 12.00
# Visual Studio 15
VisualStudioVersion = 15.0.28307.572
MinimumVisualStudioVersion = 10.0.40219.1
Project("{FAE04EC0-301F-11D3-BF4B-00C04F79EFBC}") = "53", "53\53.csproj", "{41C55A15-0C45-4632-BEDD-5DC75464A58E}"
EndProject
Global
	GlobalSection(SolutionConfigurationPlatforms) = preSolution
		Debug|Any CPU = Debug|Any CPU
		Release|Any CPU = Release|Any CPU
	EndGlobalSection
	GlobalSection(ProjectConfigurationPlatforms) = postSolution
		{41C55A15-0C45-4632-BEDD-5DC75464A58E}.Debug|Any CPU.ActiveCfg = Debug|Any CPU
		{41C55A15-0C45-4632-BEDD-5DC75464A58E}.Debug|Any CPU.Build.0 = Debug|Any CPU
		{41C55A15-0C45-4632-BEDD-5DC75464A58E}.Release|Any CPU.ActiveCfg = Release|Any CPU
		{41C55A15-0C45-4632-BEDD-5DC75464A58E}.Release|Any CPU.Build.0 = Release|Any CPU
	EndGlobalSection
	GlobalSection(SolutionProperties) = preSolution
		HideSolutionNode = FALSE
	EndGlobalSection
	GlobalSection(ExtensibilityGlobals) = postSolution
		SolutionGuid = {6BD44AE5-AB5B-418F-A4FF-C9B3C24FD44E}
	EndGlobalSection
EndGlobal
