
Microsoft Visual Studio Solution File, Format Version 12.00
# Visual Studio 15
VisualStudioVersion = 15.0.28307.572
MinimumVisualStudioVersion = 10.0.40219.1
Project("{FAE04EC0-301F-11D3-BF4B-00C04F79EFBC}") = "77", "77\77.csproj", "{B9E76C9D-3645-4A5B-AB29-9031718C5B9A}"
EndProject
Global
	GlobalSection(SolutionConfigurationPlatforms) = preSolution
		Debug|Any CPU = Debug|Any CPU
		Release|Any CPU = Release|Any CPU
	EndGlobalSection
	GlobalSection(ProjectConfigurationPlatforms) = postSolution
		{B9E76C9D-3645-4A5B-AB29-9031718C5B9A}.Debug|Any CPU.ActiveCfg = Debug|Any CPU
		{B9E76C9D-3645-4A5B-AB29-9031718C5B9A}.Debug|Any CPU.Build.0 = Debug|Any CPU
		{B9E76C9D-3645-4A5B-AB29-9031718C5B9A}.Release|Any CPU.ActiveCfg = Release|Any CPU
		{B9E76C9D-3645-4A5B-AB29-9031718C5B9A}.Release|Any CPU.Build.0 = Release|Any CPU
	EndGlobalSection
	GlobalSection(SolutionProperties) = preSolution
		HideSolutionNode = FALSE
	EndGlobalSection
	GlobalSection(ExtensibilityGlobals) = postSolution
		SolutionGuid = {2A2E7818-EF88-40A6-8C59-BF0D8A2B0418}
	EndGlobalSection
EndGlobal
