
Microsoft Visual Studio Solution File, Format Version 12.00
# Visual Studio 15
VisualStudioVersion = 15.0.28307.645
MinimumVisualStudioVersion = 10.0.40219.1
Project("{FAE04EC0-301F-11D3-BF4B-00C04F79EFBC}") = "126", "126\126.csproj", "{79F1C6E2-1F19-4D9F-914A-05D5D5ED10F9}"
EndProject
Global
	GlobalSection(SolutionConfigurationPlatforms) = preSolution
		Debug|Any CPU = Debug|Any CPU
		Release|Any CPU = Release|Any CPU
	EndGlobalSection
	GlobalSection(ProjectConfigurationPlatforms) = postSolution
		{79F1C6E2-1F19-4D9F-914A-05D5D5ED10F9}.Debug|Any CPU.ActiveCfg = Debug|Any CPU
		{79F1C6E2-1F19-4D9F-914A-05D5D5ED10F9}.Debug|Any CPU.Build.0 = Debug|Any CPU
		{79F1C6E2-1F19-4D9F-914A-05D5D5ED10F9}.Release|Any CPU.ActiveCfg = Release|Any CPU
		{79F1C6E2-1F19-4D9F-914A-05D5D5ED10F9}.Release|Any CPU.Build.0 = Release|Any CPU
	EndGlobalSection
	GlobalSection(SolutionProperties) = preSolution
		HideSolutionNode = FALSE
	EndGlobalSection
	GlobalSection(ExtensibilityGlobals) = postSolution
		SolutionGuid = {4303B86D-4C2B-4941-9C93-5EF15542534A}
	EndGlobalSection
EndGlobal
