
Microsoft Visual Studio Solution File, Format Version 12.00
# Visual Studio 15
VisualStudioVersion = 15.0.28307.572
MinimumVisualStudioVersion = 10.0.40219.1
Project("{FAE04EC0-301F-11D3-BF4B-00C04F79EFBC}") = "59", "59\59.csproj", "{CF778E2D-E937-47E6-B916-87837545D802}"
EndProject
Global
	GlobalSection(SolutionConfigurationPlatforms) = preSolution
		Debug|Any CPU = Debug|Any CPU
		Release|Any CPU = Release|Any CPU
	EndGlobalSection
	GlobalSection(ProjectConfigurationPlatforms) = postSolution
		{CF778E2D-E937-47E6-B916-87837545D802}.Debug|Any CPU.ActiveCfg = Debug|Any CPU
		{CF778E2D-E937-47E6-B916-87837545D802}.Debug|Any CPU.Build.0 = Debug|Any CPU
		{CF778E2D-E937-47E6-B916-87837545D802}.Release|Any CPU.ActiveCfg = Release|Any CPU
		{CF778E2D-E937-47E6-B916-87837545D802}.Release|Any CPU.Build.0 = Release|Any CPU
	EndGlobalSection
	GlobalSection(SolutionProperties) = preSolution
		HideSolutionNode = FALSE
	EndGlobalSection
	GlobalSection(ExtensibilityGlobals) = postSolution
		SolutionGuid = {FC56D020-9FCC-4EC6-9616-9E6A00A7C1C1}
	EndGlobalSection
EndGlobal
