
Microsoft Visual Studio Solution File, Format Version 12.00
# Visual Studio 15
VisualStudioVersion = 15.0.28307.572
MinimumVisualStudioVersion = 10.0.40219.1
Project("{FAE04EC0-301F-11D3-BF4B-00C04F79EFBC}") = "24", "24\24.csproj", "{04D6B4C8-AB42-47FE-A180-3678119316C3}"
EndProject
Global
	GlobalSection(SolutionConfigurationPlatforms) = preSolution
		Debug|Any CPU = Debug|Any CPU
		Release|Any CPU = Release|Any CPU
	EndGlobalSection
	GlobalSection(ProjectConfigurationPlatforms) = postSolution
		{04D6B4C8-AB42-47FE-A180-3678119316C3}.Debug|Any CPU.ActiveCfg = Debug|Any CPU
		{04D6B4C8-AB42-47FE-A180-3678119316C3}.Debug|Any CPU.Build.0 = Debug|Any CPU
		{04D6B4C8-AB42-47FE-A180-3678119316C3}.Release|Any CPU.ActiveCfg = Release|Any CPU
		{04D6B4C8-AB42-47FE-A180-3678119316C3}.Release|Any CPU.Build.0 = Release|Any CPU
	EndGlobalSection
	GlobalSection(SolutionProperties) = preSolution
		HideSolutionNode = FALSE
	EndGlobalSection
	GlobalSection(ExtensibilityGlobals) = postSolution
		SolutionGuid = {AC502F8E-6E0C-45F3-85ED-B9E75E719A90}
	EndGlobalSection
EndGlobal
