
Microsoft Visual Studio Solution File, Format Version 12.00
# Visual Studio 15
VisualStudioVersion = 15.0.28307.572
MinimumVisualStudioVersion = 10.0.40219.1
Project("{FAE04EC0-301F-11D3-BF4B-00C04F79EFBC}") = "27", "27\27.csproj", "{B2167957-E280-4919-98F7-E85FC06C3657}"
EndProject
Global
	GlobalSection(SolutionConfigurationPlatforms) = preSolution
		Debug|Any CPU = Debug|Any CPU
		Release|Any CPU = Release|Any CPU
	EndGlobalSection
	GlobalSection(ProjectConfigurationPlatforms) = postSolution
		{B2167957-E280-4919-98F7-E85FC06C3657}.Debug|Any CPU.ActiveCfg = Debug|Any CPU
		{B2167957-E280-4919-98F7-E85FC06C3657}.Debug|Any CPU.Build.0 = Debug|Any CPU
		{B2167957-E280-4919-98F7-E85FC06C3657}.Release|Any CPU.ActiveCfg = Release|Any CPU
		{B2167957-E280-4919-98F7-E85FC06C3657}.Release|Any CPU.Build.0 = Release|Any CPU
	EndGlobalSection
	GlobalSection(SolutionProperties) = preSolution
		HideSolutionNode = FALSE
	EndGlobalSection
	GlobalSection(ExtensibilityGlobals) = postSolution
		SolutionGuid = {9EBB67F9-B827-4E32-BD1A-CA3B706BC0BA}
	EndGlobalSection
EndGlobal
