
Microsoft Visual Studio Solution File, Format Version 12.00
# Visual Studio 15
VisualStudioVersion = 15.0.28307.572
MinimumVisualStudioVersion = 10.0.40219.1
Project("{FAE04EC0-301F-11D3-BF4B-00C04F79EFBC}") = "90", "90\90.csproj", "{64186E76-C018-4732-A89A-35E627A055F8}"
EndProject
Global
	GlobalSection(SolutionConfigurationPlatforms) = preSolution
		Debug|Any CPU = Debug|Any CPU
		Release|Any CPU = Release|Any CPU
	EndGlobalSection
	GlobalSection(ProjectConfigurationPlatforms) = postSolution
		{64186E76-C018-4732-A89A-35E627A055F8}.Debug|Any CPU.ActiveCfg = Debug|Any CPU
		{64186E76-C018-4732-A89A-35E627A055F8}.Debug|Any CPU.Build.0 = Debug|Any CPU
		{64186E76-C018-4732-A89A-35E627A055F8}.Release|Any CPU.ActiveCfg = Release|Any CPU
		{64186E76-C018-4732-A89A-35E627A055F8}.Release|Any CPU.Build.0 = Release|Any CPU
	EndGlobalSection
	GlobalSection(SolutionProperties) = preSolution
		HideSolutionNode = FALSE
	EndGlobalSection
	GlobalSection(ExtensibilityGlobals) = postSolution
		SolutionGuid = {B626DA7B-2279-4DE2-B0C3-57CB8E3C7572}
	EndGlobalSection
EndGlobal
