
Microsoft Visual Studio Solution File, Format Version 12.00
# Visual Studio 15
VisualStudioVersion = 15.0.28307.572
MinimumVisualStudioVersion = 10.0.40219.1
Project("{FAE04EC0-301F-11D3-BF4B-00C04F79EFBC}") = "68", "68\68.csproj", "{34AEE3CD-EBD7-43BF-A1EB-F8D444761353}"
EndProject
Global
	GlobalSection(SolutionConfigurationPlatforms) = preSolution
		Debug|Any CPU = Debug|Any CPU
		Release|Any CPU = Release|Any CPU
	EndGlobalSection
	GlobalSection(ProjectConfigurationPlatforms) = postSolution
		{34AEE3CD-EBD7-43BF-A1EB-F8D444761353}.Debug|Any CPU.ActiveCfg = Debug|Any CPU
		{34AEE3CD-EBD7-43BF-A1EB-F8D444761353}.Debug|Any CPU.Build.0 = Debug|Any CPU
		{34AEE3CD-EBD7-43BF-A1EB-F8D444761353}.Release|Any CPU.ActiveCfg = Release|Any CPU
		{34AEE3CD-EBD7-43BF-A1EB-F8D444761353}.Release|Any CPU.Build.0 = Release|Any CPU
	EndGlobalSection
	GlobalSection(SolutionProperties) = preSolution
		HideSolutionNode = FALSE
	EndGlobalSection
	GlobalSection(ExtensibilityGlobals) = postSolution
		SolutionGuid = {DAB8AEE6-052D-4105-A242-FBCE065DBA2E}
	EndGlobalSection
EndGlobal
