
Microsoft Visual Studio Solution File, Format Version 12.00
# Visual Studio 15
VisualStudioVersion = 15.0.28307.572
MinimumVisualStudioVersion = 10.0.40219.1
Project("{FAE04EC0-301F-11D3-BF4B-00C04F79EFBC}") = "81", "81\81.csproj", "{3E3BCE3C-2FBC-478C-9B3D-6173E9D005D2}"
EndProject
Global
	GlobalSection(SolutionConfigurationPlatforms) = preSolution
		Debug|Any CPU = Debug|Any CPU
		Release|Any CPU = Release|Any CPU
	EndGlobalSection
	GlobalSection(ProjectConfigurationPlatforms) = postSolution
		{3E3BCE3C-2FBC-478C-9B3D-6173E9D005D2}.Debug|Any CPU.ActiveCfg = Debug|Any CPU
		{3E3BCE3C-2FBC-478C-9B3D-6173E9D005D2}.Debug|Any CPU.Build.0 = Debug|Any CPU
		{3E3BCE3C-2FBC-478C-9B3D-6173E9D005D2}.Release|Any CPU.ActiveCfg = Release|Any CPU
		{3E3BCE3C-2FBC-478C-9B3D-6173E9D005D2}.Release|Any CPU.Build.0 = Release|Any CPU
	EndGlobalSection
	GlobalSection(SolutionProperties) = preSolution
		HideSolutionNode = FALSE
	EndGlobalSection
	GlobalSection(ExtensibilityGlobals) = postSolution
		SolutionGuid = {A279D577-2E3C-4386-A376-5EB982FA0A23}
	EndGlobalSection
EndGlobal
