
Microsoft Visual Studio Solution File, Format Version 12.00
# Visual Studio 15
VisualStudioVersion = 15.0.28307.572
MinimumVisualStudioVersion = 10.0.40219.1
Project("{FAE04EC0-301F-11D3-BF4B-00C04F79EFBC}") = "88", "88\88.csproj", "{D0EA6AC8-39CA-41CC-AE41-E5ACD87506E3}"
EndProject
Global
	GlobalSection(SolutionConfigurationPlatforms) = preSolution
		Debug|Any CPU = Debug|Any CPU
		Release|Any CPU = Release|Any CPU
	EndGlobalSection
	GlobalSection(ProjectConfigurationPlatforms) = postSolution
		{D0EA6AC8-39CA-41CC-AE41-E5ACD87506E3}.Debug|Any CPU.ActiveCfg = Debug|Any CPU
		{D0EA6AC8-39CA-41CC-AE41-E5ACD87506E3}.Debug|Any CPU.Build.0 = Debug|Any CPU
		{D0EA6AC8-39CA-41CC-AE41-E5ACD87506E3}.Release|Any CPU.ActiveCfg = Release|Any CPU
		{D0EA6AC8-39CA-41CC-AE41-E5ACD87506E3}.Release|Any CPU.Build.0 = Release|Any CPU
	EndGlobalSection
	GlobalSection(SolutionProperties) = preSolution
		HideSolutionNode = FALSE
	EndGlobalSection
	GlobalSection(ExtensibilityGlobals) = postSolution
		SolutionGuid = {53EF8744-0F34-412E-AD48-A826A2C749A6}
	EndGlobalSection
EndGlobal
