
Microsoft Visual Studio Solution File, Format Version 12.00
# Visual Studio 15
VisualStudioVersion = 15.0.28307.645
MinimumVisualStudioVersion = 10.0.40219.1
Project("{FAE04EC0-301F-11D3-BF4B-00C04F79EFBC}") = "127", "127\127.csproj", "{5B068C69-17E3-422C-AE1F-2A301FED1A8F}"
EndProject
Global
	GlobalSection(SolutionConfigurationPlatforms) = preSolution
		Debug|Any CPU = Debug|Any CPU
		Release|Any CPU = Release|Any CPU
	EndGlobalSection
	GlobalSection(ProjectConfigurationPlatforms) = postSolution
		{5B068C69-17E3-422C-AE1F-2A301FED1A8F}.Debug|Any CPU.ActiveCfg = Debug|Any CPU
		{5B068C69-17E3-422C-AE1F-2A301FED1A8F}.Debug|Any CPU.Build.0 = Debug|Any CPU
		{5B068C69-17E3-422C-AE1F-2A301FED1A8F}.Release|Any CPU.ActiveCfg = Release|Any CPU
		{5B068C69-17E3-422C-AE1F-2A301FED1A8F}.Release|Any CPU.Build.0 = Release|Any CPU
	EndGlobalSection
	GlobalSection(SolutionProperties) = preSolution
		HideSolutionNode = FALSE
	EndGlobalSection
	GlobalSection(ExtensibilityGlobals) = postSolution
		SolutionGuid = {566E69B3-41B0-4FF5-9E92-AF6E7625E508}
	EndGlobalSection
EndGlobal
