
Microsoft Visual Studio Solution File, Format Version 12.00
# Visual Studio 15
VisualStudioVersion = 15.0.28307.572
MinimumVisualStudioVersion = 10.0.40219.1
Project("{FAE04EC0-301F-11D3-BF4B-00C04F79EFBC}") = "66", "66\66.csproj", "{9BD8BF02-CED8-4A12-9593-9A2220E86C83}"
EndProject
Global
	GlobalSection(SolutionConfigurationPlatforms) = preSolution
		Debug|Any CPU = Debug|Any CPU
		Release|Any CPU = Release|Any CPU
	EndGlobalSection
	GlobalSection(ProjectConfigurationPlatforms) = postSolution
		{9BD8BF02-CED8-4A12-9593-9A2220E86C83}.Debug|Any CPU.ActiveCfg = Debug|Any CPU
		{9BD8BF02-CED8-4A12-9593-9A2220E86C83}.Debug|Any CPU.Build.0 = Debug|Any CPU
		{9BD8BF02-CED8-4A12-9593-9A2220E86C83}.Release|Any CPU.ActiveCfg = Release|Any CPU
		{9BD8BF02-CED8-4A12-9593-9A2220E86C83}.Release|Any CPU.Build.0 = Release|Any CPU
	EndGlobalSection
	GlobalSection(SolutionProperties) = preSolution
		HideSolutionNode = FALSE
	EndGlobalSection
	GlobalSection(ExtensibilityGlobals) = postSolution
		SolutionGuid = {2D1E37D4-7FB9-412E-A265-C0191A68290F}
	EndGlobalSection
EndGlobal
