
Microsoft Visual Studio Solution File, Format Version 12.00
# Visual Studio 15
VisualStudioVersion = 15.0.28307.572
MinimumVisualStudioVersion = 10.0.40219.1
Project("{FAE04EC0-301F-11D3-BF4B-00C04F79EFBC}") = "87", "87\87.csproj", "{7404FED7-C129-4036-9FA1-2A5923F27AB8}"
EndProject
Global
	GlobalSection(SolutionConfigurationPlatforms) = preSolution
		Debug|Any CPU = Debug|Any CPU
		Release|Any CPU = Release|Any CPU
	EndGlobalSection
	GlobalSection(ProjectConfigurationPlatforms) = postSolution
		{7404FED7-C129-4036-9FA1-2A5923F27AB8}.Debug|Any CPU.ActiveCfg = Debug|Any CPU
		{7404FED7-C129-4036-9FA1-2A5923F27AB8}.Debug|Any CPU.Build.0 = Debug|Any CPU
		{7404FED7-C129-4036-9FA1-2A5923F27AB8}.Release|Any CPU.ActiveCfg = Release|Any CPU
		{7404FED7-C129-4036-9FA1-2A5923F27AB8}.Release|Any CPU.Build.0 = Release|Any CPU
	EndGlobalSection
	GlobalSection(SolutionProperties) = preSolution
		HideSolutionNode = FALSE
	EndGlobalSection
	GlobalSection(ExtensibilityGlobals) = postSolution
		SolutionGuid = {2B78D5DB-63CD-4185-9DC2-7588E28777E2}
	EndGlobalSection
EndGlobal
