
Microsoft Visual Studio Solution File, Format Version 12.00
# Visual Studio 15
VisualStudioVersion = 15.0.28307.572
MinimumVisualStudioVersion = 10.0.40219.1
Project("{FAE04EC0-301F-11D3-BF4B-00C04F79EFBC}") = "105", "105\105.csproj", "{98A18E79-7189-4B9E-8BA4-87F2BAFF873C}"
EndProject
Global
	GlobalSection(SolutionConfigurationPlatforms) = preSolution
		Debug|Any CPU = Debug|Any CPU
		Release|Any CPU = Release|Any CPU
	EndGlobalSection
	GlobalSection(ProjectConfigurationPlatforms) = postSolution
		{98A18E79-7189-4B9E-8BA4-87F2BAFF873C}.Debug|Any CPU.ActiveCfg = Debug|Any CPU
		{98A18E79-7189-4B9E-8BA4-87F2BAFF873C}.Debug|Any CPU.Build.0 = Debug|Any CPU
		{98A18E79-7189-4B9E-8BA4-87F2BAFF873C}.Release|Any CPU.ActiveCfg = Release|Any CPU
		{98A18E79-7189-4B9E-8BA4-87F2BAFF873C}.Release|Any CPU.Build.0 = Release|Any CPU
	EndGlobalSection
	GlobalSection(SolutionProperties) = preSolution
		HideSolutionNode = FALSE
	EndGlobalSection
	GlobalSection(ExtensibilityGlobals) = postSolution
		SolutionGuid = {B380877C-6020-4A43-B6F0-5C25A5D8A5D9}
	EndGlobalSection
EndGlobal
