
Microsoft Visual Studio Solution File, Format Version 12.00
# Visual Studio 15
VisualStudioVersion = 15.0.28307.572
MinimumVisualStudioVersion = 10.0.40219.1
Project("{FAE04EC0-301F-11D3-BF4B-00C04F79EFBC}") = "101", "101\101.csproj", "{891F3B59-9D71-4FF3-BF0D-90AB35C1E624}"
EndProject
Global
	GlobalSection(SolutionConfigurationPlatforms) = preSolution
		Debug|Any CPU = Debug|Any CPU
		Release|Any CPU = Release|Any CPU
	EndGlobalSection
	GlobalSection(ProjectConfigurationPlatforms) = postSolution
		{891F3B59-9D71-4FF3-BF0D-90AB35C1E624}.Debug|Any CPU.ActiveCfg = Debug|Any CPU
		{891F3B59-9D71-4FF3-BF0D-90AB35C1E624}.Debug|Any CPU.Build.0 = Debug|Any CPU
		{891F3B59-9D71-4FF3-BF0D-90AB35C1E624}.Release|Any CPU.ActiveCfg = Release|Any CPU
		{891F3B59-9D71-4FF3-BF0D-90AB35C1E624}.Release|Any CPU.Build.0 = Release|Any CPU
	EndGlobalSection
	GlobalSection(SolutionProperties) = preSolution
		HideSolutionNode = FALSE
	EndGlobalSection
	GlobalSection(ExtensibilityGlobals) = postSolution
		SolutionGuid = {FB61433C-EF99-4F9D-896C-0ACDFC0A5064}
	EndGlobalSection
EndGlobal
