
Microsoft Visual Studio Solution File, Format Version 12.00
# Visual Studio 15
VisualStudioVersion = 15.0.28307.645
MinimumVisualStudioVersion = 10.0.40219.1
Project("{FAE04EC0-301F-11D3-BF4B-00C04F79EFBC}") = "142", "142\142.csproj", "{F95255D6-8F95-465A-B197-B3EBA86082F9}"
EndProject
Global
	GlobalSection(SolutionConfigurationPlatforms) = preSolution
		Debug|Any CPU = Debug|Any CPU
		Release|Any CPU = Release|Any CPU
	EndGlobalSection
	GlobalSection(ProjectConfigurationPlatforms) = postSolution
		{F95255D6-8F95-465A-B197-B3EBA86082F9}.Debug|Any CPU.ActiveCfg = Debug|Any CPU
		{F95255D6-8F95-465A-B197-B3EBA86082F9}.Debug|Any CPU.Build.0 = Debug|Any CPU
		{F95255D6-8F95-465A-B197-B3EBA86082F9}.Release|Any CPU.ActiveCfg = Release|Any CPU
		{F95255D6-8F95-465A-B197-B3EBA86082F9}.Release|Any CPU.Build.0 = Release|Any CPU
	EndGlobalSection
	GlobalSection(SolutionProperties) = preSolution
		HideSolutionNode = FALSE
	EndGlobalSection
	GlobalSection(ExtensibilityGlobals) = postSolution
		SolutionGuid = {96C6A0C5-FA5C-4CB6-BB25-B26C52E83E13}
	EndGlobalSection
EndGlobal
