
Microsoft Visual Studio Solution File, Format Version 12.00
# Visual Studio 15
VisualStudioVersion = 15.0.28307.572
MinimumVisualStudioVersion = 10.0.40219.1
Project("{FAE04EC0-301F-11D3-BF4B-00C04F79EFBC}") = "96", "96\96.csproj", "{54815611-CF3B-4F28-A571-94230E0F0DA2}"
EndProject
Global
	GlobalSection(SolutionConfigurationPlatforms) = preSolution
		Debug|Any CPU = Debug|Any CPU
		Release|Any CPU = Release|Any CPU
	EndGlobalSection
	GlobalSection(ProjectConfigurationPlatforms) = postSolution
		{54815611-CF3B-4F28-A571-94230E0F0DA2}.Debug|Any CPU.ActiveCfg = Debug|Any CPU
		{54815611-CF3B-4F28-A571-94230E0F0DA2}.Debug|Any CPU.Build.0 = Debug|Any CPU
		{54815611-CF3B-4F28-A571-94230E0F0DA2}.Release|Any CPU.ActiveCfg = Release|Any CPU
		{54815611-CF3B-4F28-A571-94230E0F0DA2}.Release|Any CPU.Build.0 = Release|Any CPU
	EndGlobalSection
	GlobalSection(SolutionProperties) = preSolution
		HideSolutionNode = FALSE
	EndGlobalSection
	GlobalSection(ExtensibilityGlobals) = postSolution
		SolutionGuid = {F1F6A848-428E-438B-B2C1-8085A02D9524}
	EndGlobalSection
EndGlobal
