
Microsoft Visual Studio Solution File, Format Version 12.00
# Visual Studio 15
VisualStudioVersion = 15.0.28307.572
MinimumVisualStudioVersion = 10.0.40219.1
Project("{FAE04EC0-301F-11D3-BF4B-00C04F79EFBC}") = "102", "102\102.csproj", "{86B6012A-4D9D-45BB-9877-AA95CF731D53}"
EndProject
Global
	GlobalSection(SolutionConfigurationPlatforms) = preSolution
		Debug|Any CPU = Debug|Any CPU
		Release|Any CPU = Release|Any CPU
	EndGlobalSection
	GlobalSection(ProjectConfigurationPlatforms) = postSolution
		{86B6012A-4D9D-45BB-9877-AA95CF731D53}.Debug|Any CPU.ActiveCfg = Debug|Any CPU
		{86B6012A-4D9D-45BB-9877-AA95CF731D53}.Debug|Any CPU.Build.0 = Debug|Any CPU
		{86B6012A-4D9D-45BB-9877-AA95CF731D53}.Release|Any CPU.ActiveCfg = Release|Any CPU
		{86B6012A-4D9D-45BB-9877-AA95CF731D53}.Release|Any CPU.Build.0 = Release|Any CPU
	EndGlobalSection
	GlobalSection(SolutionProperties) = preSolution
		HideSolutionNode = FALSE
	EndGlobalSection
	GlobalSection(ExtensibilityGlobals) = postSolution
		SolutionGuid = {B634142C-17A4-4C9F-A2A1-4DA1DA55D49F}
	EndGlobalSection
EndGlobal
