
Microsoft Visual Studio Solution File, Format Version 12.00
# Visual Studio 15
VisualStudioVersion = 15.0.28307.645
MinimumVisualStudioVersion = 10.0.40219.1
Project("{FAE04EC0-301F-11D3-BF4B-00C04F79EFBC}") = "133", "133\133.csproj", "{D04AF2D7-1A18-4AB1-81EB-20667927E003}"
EndProject
Global
	GlobalSection(SolutionConfigurationPlatforms) = preSolution
		Debug|Any CPU = Debug|Any CPU
		Release|Any CPU = Release|Any CPU
	EndGlobalSection
	GlobalSection(ProjectConfigurationPlatforms) = postSolution
		{D04AF2D7-1A18-4AB1-81EB-20667927E003}.Debug|Any CPU.ActiveCfg = Debug|Any CPU
		{D04AF2D7-1A18-4AB1-81EB-20667927E003}.Debug|Any CPU.Build.0 = Debug|Any CPU
		{D04AF2D7-1A18-4AB1-81EB-20667927E003}.Release|Any CPU.ActiveCfg = Release|Any CPU
		{D04AF2D7-1A18-4AB1-81EB-20667927E003}.Release|Any CPU.Build.0 = Release|Any CPU
	EndGlobalSection
	GlobalSection(SolutionProperties) = preSolution
		HideSolutionNode = FALSE
	EndGlobalSection
	GlobalSection(ExtensibilityGlobals) = postSolution
		SolutionGuid = {CFF3B22B-8072-4D92-BF82-307E34DD06C6}
	EndGlobalSection
EndGlobal
