
Microsoft Visual Studio Solution File, Format Version 12.00
# Visual Studio 15
VisualStudioVersion = 15.0.28307.645
MinimumVisualStudioVersion = 10.0.40219.1
Project("{FAE04EC0-301F-11D3-BF4B-00C04F79EFBC}") = "144", "144\144.csproj", "{F338D4F8-C452-4771-B0AB-A98CD7A04EAB}"
EndProject
Global
	GlobalSection(SolutionConfigurationPlatforms) = preSolution
		Debug|Any CPU = Debug|Any CPU
		Release|Any CPU = Release|Any CPU
	EndGlobalSection
	GlobalSection(ProjectConfigurationPlatforms) = postSolution
		{F338D4F8-C452-4771-B0AB-A98CD7A04EAB}.Debug|Any CPU.ActiveCfg = Debug|Any CPU
		{F338D4F8-C452-4771-B0AB-A98CD7A04EAB}.Debug|Any CPU.Build.0 = Debug|Any CPU
		{F338D4F8-C452-4771-B0AB-A98CD7A04EAB}.Release|Any CPU.ActiveCfg = Release|Any CPU
		{F338D4F8-C452-4771-B0AB-A98CD7A04EAB}.Release|Any CPU.Build.0 = Release|Any CPU
	EndGlobalSection
	GlobalSection(SolutionProperties) = preSolution
		HideSolutionNode = FALSE
	EndGlobalSection
	GlobalSection(ExtensibilityGlobals) = postSolution
		SolutionGuid = {3A840598-5547-4EFF-8903-E4B5D98D960F}
	EndGlobalSection
EndGlobal
